// !$*UTF8*$!
{
	archiveVersion = 1;
	classes = {
	};
	objectVersion = 48;
	objects = {

/* Begin PBXBuildFile section */
		79150566E8B00EF592F1D6DE /* Pods_MyMemory.framework in Frameworks */ = {isa = PBXBuildFile; fileRef = FD05CC401B21225EBC6BF988 /* Pods_MyMemory.framework */; };
		D65651241FFA07A400F990A2 /* AppDelegate.swift in Sources */ = {isa = PBXBuildFile; fileRef = D65651231FFA07A400F990A2 /* AppDelegate.swift */; };
		D65651261FFA07A400F990A2 /* ViewController.swift in Sources */ = {isa = PBXBuildFile; fileRef = D65651251FFA07A400F990A2 /* ViewController.swift */; };
		D65651291FFA07A400F990A2 /* Main.storyboard in Resources */ = {isa = PBXBuildFile; fileRef = D65651271FFA07A400F990A2 /* Main.storyboard */; };
		D656512C1FFA07A400F990A2 /* MyMemory.xcdatamodeld in Sources */ = {isa = PBXBuildFile; fileRef = D656512A1FFA07A400F990A2 /* MyMemory.xcdatamodeld */; };
		D656512E1FFA07A400F990A2 /* Assets.xcassets in Resources */ = {isa = PBXBuildFile; fileRef = D656512D1FFA07A400F990A2 /* Assets.xcassets */; };
		D65651311FFA07A400F990A2 /* LaunchScreen.storyboard in Resources */ = {isa = PBXBuildFile; fileRef = D656512F1FFA07A400F990A2 /* LaunchScreen.storyboard */; };
		D65651391FFA16C000F990A2 /* MemoListVC.swift in Sources */ = {isa = PBXBuildFile; fileRef = D65651381FFA16C000F990A2 /* MemoListVC.swift */; };
		D656513B1FFA16DB00F990A2 /* MemoFormVC.swift in Sources */ = {isa = PBXBuildFile; fileRef = D656513A1FFA16DA00F990A2 /* MemoFormVC.swift */; };
		D656513D1FFA171400F990A2 /* MemoReadVC.swift in Sources */ = {isa = PBXBuildFile; fileRef = D656513C1FFA171400F990A2 /* MemoReadVC.swift */; };
		D656513F1FFA175B00F990A2 /* MemoCell.swift in Sources */ = {isa = PBXBuildFile; fileRef = D656513E1FFA175B00F990A2 /* MemoCell.swift */; };
		D65651411FFA187000F990A2 /* MemoData.swift in Sources */ = {isa = PBXBuildFile; fileRef = D65651401FFA187000F990A2 /* MemoData.swift */; };
		D67A07042015D2570042DE85 /* SideBarVC.swift in Sources */ = {isa = PBXBuildFile; fileRef = D67A07032015D2570042DE85 /* SideBarVC.swift */; };
		D67A07082015DF9E0042DE85 /* ProfileVC.swift in Sources */ = {isa = PBXBuildFile; fileRef = D67A07072015DF9E0042DE85 /* ProfileVC.swift */; };
		D6D252992015AC7D00BD4CC3 /* CSLogButton.swift in Sources */ = {isa = PBXBuildFile; fileRef = D6D252982015AC7D00BD4CC3 /* CSLogButton.swift */; };
/* End PBXBuildFile section */

/* Begin PBXFileReference section */
		0A6CEE2BF3F7AAF33AB67198 /* Pods-MyMemory.debug.xcconfig */ = {isa = PBXFileReference; includeInIndex = 1; lastKnownFileType = text.xcconfig; name = "Pods-MyMemory.debug.xcconfig"; path = "Pods/Target Support Files/Pods-MyMemory/Pods-MyMemory.debug.xcconfig"; sourceTree = "<group>"; };
		52C2BB78B5FC66F61BE1F665 /* Pods-MyMemory.release.xcconfig */ = {isa = PBXFileReference; includeInIndex = 1; lastKnownFileType = text.xcconfig; name = "Pods-MyMemory.release.xcconfig"; path = "Pods/Target Support Files/Pods-MyMemory/Pods-MyMemory.release.xcconfig"; sourceTree = "<group>"; };
		D65651201FFA07A400F990A2 /* MyMemory.app */ = {isa = PBXFileReference; explicitFileType = wrapper.application; includeInIndex = 0; path = MyMemory.app; sourceTree = BUILT_PRODUCTS_DIR; };
		D65651231FFA07A400F990A2 /* AppDelegate.swift */ = {isa = PBXFileReference; lastKnownFileType = sourcecode.swift; path = AppDelegate.swift; sourceTree = "<group>"; };
		D65651251FFA07A400F990A2 /* ViewController.swift */ = {isa = PBXFileReference; lastKnownFileType = sourcecode.swift; path = ViewController.swift; sourceTree = "<group>"; };
		D65651281FFA07A400F990A2 /* Base */ = {isa = PBXFileReference; lastKnownFileType = file.storyboard; name = Base; path = Base.lproj/Main.storyboard; sourceTree = "<group>"; };
		D656512B1FFA07A400F990A2 /* MyMemory.xcdatamodel */ = {isa = PBXFileReference; lastKnownFileType = wrapper.xcdatamodel; path = MyMemory.xcdatamodel; sourceTree = "<group>"; };
		D656512D1FFA07A400F990A2 /* Assets.xcassets */ = {isa = PBXFileReference; lastKnownFileType = folder.assetcatalog; path = Assets.xcassets; sourceTree = "<group>"; };
		D65651301FFA07A400F990A2 /* Base */ = {isa = PBXFileReference; lastKnownFileType = file.storyboard; name = Base; path = Base.lproj/LaunchScreen.storyboard; sourceTree = "<group>"; };
		D65651321FFA07A400F990A2 /* Info.plist */ = {isa = PBXFileReference; lastKnownFileType = text.plist.xml; path = Info.plist; sourceTree = "<group>"; };
		D65651381FFA16C000F990A2 /* MemoListVC.swift */ = {isa = PBXFileReference; lastKnownFileType = sourcecode.swift; path = MemoListVC.swift; sourceTree = "<group>"; };
		D656513A1FFA16DA00F990A2 /* MemoFormVC.swift */ = {isa = PBXFileReference; lastKnownFileType = sourcecode.swift; path = MemoFormVC.swift; sourceTree = "<group>"; };
		D656513C1FFA171400F990A2 /* MemoReadVC.swift */ = {isa = PBXFileReference; lastKnownFileType = sourcecode.swift; path = MemoReadVC.swift; sourceTree = "<group>"; };
		D656513E1FFA175B00F990A2 /* MemoCell.swift */ = {isa = PBXFileReference; lastKnownFileType = sourcecode.swift; path = MemoCell.swift; sourceTree = "<group>"; };
		D65651401FFA187000F990A2 /* MemoData.swift */ = {isa = PBXFileReference; lastKnownFileType = sourcecode.swift; path = MemoData.swift; sourceTree = "<group>"; };
		D67A07032015D2570042DE85 /* SideBarVC.swift */ = {isa = PBXFileReference; lastKnownFileType = sourcecode.swift; path = SideBarVC.swift; sourceTree = "<group>"; };
		D67A07072015DF9E0042DE85 /* ProfileVC.swift */ = {isa = PBXFileReference; lastKnownFileType = sourcecode.swift; path = ProfileVC.swift; sourceTree = "<group>"; };
		D6D252982015AC7D00BD4CC3 /* CSLogButton.swift */ = {isa = PBXFileReference; lastKnownFileType = sourcecode.swift; path = CSLogButton.swift; sourceTree = "<group>"; };
		FD05CC401B21225EBC6BF988 /* Pods_MyMemory.framework */ = {isa = PBXFileReference; explicitFileType = wrapper.framework; includeInIndex = 0; path = Pods_MyMemory.framework; sourceTree = BUILT_PRODUCTS_DIR; };
/* End PBXFileReference section */

/* Begin PBXFrameworksBuildPhase section */
		D656511D1FFA07A400F990A2 /* Frameworks */ = {
			isa = PBXFrameworksBuildPhase;
			buildActionMask = 2147483647;
			files = (
				79150566E8B00EF592F1D6DE /* Pods_MyMemory.framework in Frameworks */,
			);
			runOnlyForDeploymentPostprocessing = 0;
		};
/* End PBXFrameworksBuildPhase section */

/* Begin PBXGroup section */
		1528F9079C07C431BE5CF87C /* Pods */ = {
			isa = PBXGroup;
			children = (
				0A6CEE2BF3F7AAF33AB67198 /* Pods-MyMemory.debug.xcconfig */,
				52C2BB78B5FC66F61BE1F665 /* Pods-MyMemory.release.xcconfig */,
			);
			name = Pods;
			sourceTree = "<group>";
		};
		A615F74B90CFA1FDE102CCAE /* Frameworks */ = {
			isa = PBXGroup;
			children = (
				FD05CC401B21225EBC6BF988 /* Pods_MyMemory.framework */,
			);
			name = Frameworks;
			sourceTree = "<group>";
		};
		D65651171FFA07A400F990A2 = {
			isa = PBXGroup;
			children = (
				D65651221FFA07A400F990A2 /* MyMemory */,
				D65651211FFA07A400F990A2 /* Products */,
				1528F9079C07C431BE5CF87C /* Pods */,
				A615F74B90CFA1FDE102CCAE /* Frameworks */,
			);
			sourceTree = "<group>";
		};
		D65651211FFA07A400F990A2 /* Products */ = {
			isa = PBXGroup;
			children = (
				D65651201FFA07A400F990A2 /* MyMemory.app */,
			);
			name = Products;
			sourceTree = "<group>";
		};
		D65651221FFA07A400F990A2 /* MyMemory */ = {
			isa = PBXGroup;
			children = (
				D65651381FFA16C000F990A2 /* MemoListVC.swift */,
				D67A07072015DF9E0042DE85 /* ProfileVC.swift */,
				D656513A1FFA16DA00F990A2 /* MemoFormVC.swift */,
				D65651231FFA07A400F990A2 /* AppDelegate.swift */,
				D65651251FFA07A400F990A2 /* ViewController.swift */,
				D656513C1FFA171400F990A2 /* MemoReadVC.swift */,
				D65651271FFA07A400F990A2 /* Main.storyboard */,
				D67A07032015D2570042DE85 /* SideBarVC.swift */,
				D656513E1FFA175B00F990A2 /* MemoCell.swift */,
				D656512D1FFA07A400F990A2 /* Assets.xcassets */,
				D656512F1FFA07A400F990A2 /* LaunchScreen.storyboard */,
				D65651321FFA07A400F990A2 /* Info.plist */,
				D656512A1FFA07A400F990A2 /* MyMemory.xcdatamodeld */,
				D65651401FFA187000F990A2 /* MemoData.swift */,
				D6D252982015AC7D00BD4CC3 /* CSLogButton.swift */,
			);
			path = MyMemory;
			sourceTree = "<group>";
		};
/* End PBXGroup section */

/* Begin PBXNativeTarget section */
		D656511F1FFA07A400F990A2 /* MyMemory */ = {
			isa = PBXNativeTarget;
			buildConfigurationList = D65651351FFA07A400F990A2 /* Build configuration list for PBXNativeTarget "MyMemory" */;
			buildPhases = (
				07956CCE38C4FF4459C0485C /* [CP] Check Pods Manifest.lock */,
				D656511C1FFA07A400F990A2 /* Sources */,
				D656511D1FFA07A400F990A2 /* Frameworks */,
				D656511E1FFA07A400F990A2 /* Resources */,
				6B4250C11FCD12440226CC86 /* [CP] Embed Pods Frameworks */,
				B164447FD5AF72458CDE08D4 /* [CP] Copy Pods Resources */,
			);
			buildRules = (
			);
			dependencies = (
			);
			name = MyMemory;
			productName = MyMemory;
			productReference = D65651201FFA07A400F990A2 /* MyMemory.app */;
			productType = "com.apple.product-type.application";
		};
/* End PBXNativeTarget section */

/* Begin PBXProject section */
		D65651181FFA07A400F990A2 /* Project object */ = {
			isa = PBXProject;
			attributes = {
				LastSwiftUpdateCheck = 0920;
				LastUpgradeCheck = 0920;
				ORGANIZATIONNAME = WhiteHobbit;
				TargetAttributes = {
					D656511F1FFA07A400F990A2 = {
						CreatedOnToolsVersion = 9.2;
						ProvisioningStyle = Automatic;
					};
				};
			};
			buildConfigurationList = D656511B1FFA07A400F990A2 /* Build configuration list for PBXProject "MyMemory" */;
			compatibilityVersion = "Xcode 8.0";
			developmentRegion = en;
			hasScannedForEncodings = 0;
			knownRegions = (
				en,
				Base,
			);
			mainGroup = D65651171FFA07A400F990A2;
			productRefGroup = D65651211FFA07A400F990A2 /* Products */;
			projectDirPath = "";
			projectRoot = "";
			targets = (
				D656511F1FFA07A400F990A2 /* MyMemory */,
			);
		};
/* End PBXProject section */

/* Begin PBXResourcesBuildPhase section */
		D656511E1FFA07A400F990A2 /* Resources */ = {
			isa = PBXResourcesBuildPhase;
			buildActionMask = 2147483647;
			files = (
				D65651311FFA07A400F990A2 /* LaunchScreen.storyboard in Resources */,
				D656512E1FFA07A400F990A2 /* Assets.xcassets in Resources */,
				D65651291FFA07A400F990A2 /* Main.storyboard in Resources */,
			);
			runOnlyForDeploymentPostprocessing = 0;
		};
/* End PBXResourcesBuildPhase section */

/* Begin PBXShellScriptBuildPhase section */
		07956CCE38C4FF4459C0485C /* [CP] Check Pods Manifest.lock */ = {
			isa = PBXShellScriptBuildPhase;
			buildActionMask = 2147483647;
			files = (
			);
			inputPaths = (
			);
			name = "[CP] Check Pods Manifest.lock";
			outputPaths = (
			);
			runOnlyForDeploymentPostprocessing = 0;
			shellPath = /bin/sh;
			shellScript = "diff \"${PODS_ROOT}/../Podfile.lock\" \"${PODS_ROOT}/Manifest.lock\" > /dev/null\nif [ $? != 0 ] ; then\n    # print error to STDERR\n    echo \"error: The sandbox is not in sync with the Podfile.lock. Run 'pod install' or update your CocoaPods installation.\" >&2\n    exit 1\nfi\n";
			showEnvVarsInLog = 0;
		};
		6B4250C11FCD12440226CC86 /* [CP] Embed Pods Frameworks */ = {
			isa = PBXShellScriptBuildPhase;
			buildActionMask = 2147483647;
			files = (
			);
			inputPaths = (
			);
			name = "[CP] Embed Pods Frameworks";
			outputPaths = (
			);
			runOnlyForDeploymentPostprocessing = 0;
			shellPath = /bin/sh;
			shellScript = "\"${SRCROOT}/Pods/Target Support Files/Pods-MyMemory/Pods-MyMemory-frameworks.sh\"\n";
			showEnvVarsInLog = 0;
		};
		B164447FD5AF72458CDE08D4 /* [CP] Copy Pods Resources */ = {
			isa = PBXShellScriptBuildPhase;
			buildActionMask = 2147483647;
			files = (
			);
			inputPaths = (
			);
			name = "[CP] Copy Pods Resources";
			outputPaths = (
			);
			runOnlyForDeploymentPostprocessing = 0;
			shellPath = /bin/sh;
			shellScript = "\"${SRCROOT}/Pods/Target Support Files/Pods-MyMemory/Pods-MyMemory-resources.sh\"\n";
			showEnvVarsInLog = 0;
		};
/* End PBXShellScriptBuildPhase section */

/* Begin PBXSourcesBuildPhase section */
		D656511C1FFA07A400F990A2 /* Sources */ = {
			isa = PBXSourcesBuildPhase;
			buildActionMask = 2147483647;
			files = (
				D6D252992015AC7D00BD4CC3 /* CSLogButton.swift in Sources */,
				D656513F1FFA175B00F990A2 /* MemoCell.swift in Sources */,
				D65651411FFA187000F990A2 /* MemoData.swift in Sources */,
				D656512C1FFA07A400F990A2 /* MyMemory.xcdatamodeld in Sources */,
				D656513B1FFA16DB00F990A2 /* MemoFormVC.swift in Sources */,
				D67A07042015D2570042DE85 /* SideBarVC.swift in Sources */,
				D656513D1FFA171400F990A2 /* MemoReadVC.swift in Sources */,
				D65651261FFA07A400F990A2 /* ViewController.swift in Sources */,
				D65651391FFA16C000F990A2 /* MemoListVC.swift in Sources */,
				D67A07082015DF9E0042DE85 /* ProfileVC.swift in Sources */,
				D65651241FFA07A400F990A2 /* AppDelegate.swift in Sources */,
			);
			runOnlyForDeploymentPostprocessing = 0;
		};
/* End PBXSourcesBuildPhase section */

/* Begin PBXVariantGroup section */
		D65651271FFA07A400F990A2 /* Main.storyboard */ = {
			isa = PBXVariantGroup;
			children = (
				D65651281FFA07A400F990A2 /* Base */,
			);
			name = Main.storyboard;
			sourceTree = "<group>";
		};
		D656512F1FFA07A400F990A2 /* LaunchScreen.storyboard */ = {
			isa = PBXVariantGroup;
			children = (
				D65651301FFA07A400F990A2 /* Base */,
			);
			name = LaunchScreen.storyboard;
			sourceTree = "<group>";
		};
/* End PBXVariantGroup section */

/* Begin XCBuildConfiguration section */
		D65651331FFA07A400F990A2 /* Debug */ = {
			isa = XCBuildConfiguration;
			buildSettings = {
				ALWAYS_SEARCH_USER_PATHS = NO;
				CLANG_ANALYZER_NONNULL = YES;
				CLANG_ANALYZER_NUMBER_OBJECT_CONVERSION = YES_AGGRESSIVE;
				CLANG_CXX_LANGUAGE_STANDARD = "gnu++14";
				CLANG_CXX_LIBRARY = "libc++";
				CLANG_ENABLE_MODULES = YES;
				CLANG_ENABLE_OBJC_ARC = YES;
				CLANG_WARN_BLOCK_CAPTURE_AUTORELEASING = YES;
				CLANG_WARN_BOOL_CONVERSION = YES;
				CLANG_WARN_COMMA = YES;
				CLANG_WARN_CONSTANT_CONVERSION = YES;
				CLANG_WARN_DIRECT_OBJC_ISA_USAGE = YES_ERROR;
				CLANG_WARN_DOCUMENTATION_COMMENTS = YES;
				CLANG_WARN_EMPTY_BODY = YES;
				CLANG_WARN_ENUM_CONVERSION = YES;
				CLANG_WARN_INFINITE_RECURSION = YES;
				CLANG_WARN_INT_CONVERSION = YES;
				CLANG_WARN_NON_LITERAL_NULL_CONVERSION = YES;
				CLANG_WARN_OBJC_LITERAL_CONVERSION = YES;
				CLANG_WARN_OBJC_ROOT_CLASS = YES_ERROR;
				CLANG_WARN_RANGE_LOOP_ANALYSIS = YES;
				CLANG_WARN_STRICT_PROTOTYPES = YES;
				CLANG_WARN_SUSPICIOUS_MOVE = YES;
				CLANG_WARN_UNGUARDED_AVAILABILITY = YES_AGGRESSIVE;
				CLANG_WARN_UNREACHABLE_CODE = YES;
				CLANG_WARN__DUPLICATE_METHOD_MATCH = YES;
				CODE_SIGN_IDENTITY = "iPhone Developer";
				COPY_PHASE_STRIP = NO;
				DEBUG_INFORMATION_FORMAT = dwarf;
				ENABLE_STRICT_OBJC_MSGSEND = YES;
				ENABLE_TESTABILITY = YES;
				GCC_C_LANGUAGE_STANDARD = gnu11;
				GCC_DYNAMIC_NO_PIC = NO;
				GCC_NO_COMMON_BLOCKS = YES;
				GCC_OPTIMIZATION_LEVEL = 0;
				GCC_PREPROCESSOR_DEFINITIONS = (
					"DEBUG=1",
					"$(inherited)",
				);
				GCC_WARN_64_TO_32_BIT_CONVERSION = YES;
				GCC_WARN_ABOUT_RETURN_TYPE = YES_ERROR;
				GCC_WARN_UNDECLARED_SELECTOR = YES;
				GCC_WARN_UNINITIALIZED_AUTOS = YES_AGGRESSIVE;
				GCC_WARN_UNUSED_FUNCTION = YES;
				GCC_WARN_UNUSED_VARIABLE = YES;
				IPHONEOS_DEPLOYMENT_TARGET = 11.2;
				MTL_ENABLE_DEBUG_INFO = YES;
				ONLY_ACTIVE_ARCH = YES;
				SDKROOT = iphoneos;
				SWIFT_ACTIVE_COMPILATION_CONDITIONS = DEBUG;
				SWIFT_OPTIMIZATION_LEVEL = "-Onone";
			};
			name = Debug;
		};
		D65651341FFA07A400F990A2 /* Release */ = {
			isa = XCBuildConfiguration;
			buildSettings = {
				ALWAYS_SEARCH_USER_PATHS = NO;
				CLANG_ANALYZER_NONNULL = YES;
				CLANG_ANALYZER_NUMBER_OBJECT_CONVERSION = YES_AGGRESSIVE;
				CLANG_CXX_LANGUAGE_STANDARD = "gnu++14";
				CLANG_CXX_LIBRARY = "libc++";
				CLANG_ENABLE_MODULES = YES;
				CLANG_ENABLE_OBJC_ARC = YES;
				CLANG_WARN_BLOCK_CAPTURE_AUTORELEASING = YES;
				CLANG_WARN_BOOL_CONVERSION = YES;
				CLANG_WARN_COMMA = YES;
				CLANG_WARN_CONSTANT_CONVERSION = YES;
				CLANG_WARN_DIRECT_OBJC_ISA_USAGE = YES_ERROR;
				CLANG_WARN_DOCUMENTATION_COMMENTS = YES;
				CLANG_WARN_EMPTY_BODY = YES;
				CLANG_WARN_ENUM_CONVERSION = YES;
				CLANG_WARN_INFINITE_RECURSION = YES;
				CLANG_WARN_INT_CONVERSION = YES;
				CLANG_WARN_NON_LITERAL_NULL_CONVERSION = YES;
				CLANG_WARN_OBJC_LITERAL_CONVERSION = YES;
				CLANG_WARN_OBJC_ROOT_CLASS = YES_ERROR;
				CLANG_WARN_RANGE_LOOP_ANALYSIS = YES;
				CLANG_WARN_STRICT_PROTOTYPES = YES;
				CLANG_WARN_SUSPICIOUS_MOVE = YES;
				CLANG_WARN_UNGUARDED_AVAILABILITY = YES_AGGRESSIVE;
				CLANG_WARN_UNREACHABLE_CODE = YES;
				CLANG_WARN__DUPLICATE_METHOD_MATCH = YES;
				CODE_SIGN_IDENTITY = "iPhone Developer";
				COPY_PHASE_STRIP = NO;
				DEBUG_INFORMATION_FORMAT = "dwarf-with-dsym";
				ENABLE_NS_ASSERTIONS = NO;
				ENABLE_STRICT_OBJC_MSGSEND = YES;
				GCC_C_LANGUAGE_STANDARD = gnu11;
				GCC_NO_COMMON_BLOCKS = YES;
				GCC_WARN_64_TO_32_BIT_CONVERSION = YES;
				GCC_WARN_ABOUT_RETURN_TYPE = YES_ERROR;
				GCC_WARN_UNDECLARED_SELECTOR = YES;
				GCC_WARN_UNINITIALIZED_AUTOS = YES_AGGRESSIVE;
				GCC_WARN_UNUSED_FUNCTION = YES;
				GCC_WARN_UNUSED_VARIABLE = YES;
				IPHONEOS_DEPLOYMENT_TARGET = 11.2;
				MTL_ENABLE_DEBUG_INFO = NO;
				SDKROOT = iphoneos;
				SWIFT_OPTIMIZATION_LEVEL = "-Owholemodule";
				VALIDATE_PRODUCT = YES;
			};
			name = Release;
		};
		D65651361FFA07A400F990A2 /* Debug */ = {
			isa = XCBuildConfiguration;
			baseConfigurationReference = 0A6CEE2BF3F7AAF33AB67198 /* Pods-MyMemory.debug.xcconfig */;
			buildSettings = {
				ASSETCATALOG_COMPILER_APPICON_NAME = AppIcon;
				CODE_SIGN_STYLE = Automatic;
				DEVELOPMENT_TEAM = E3K4HTC5RG;
				INFOPLIST_FILE = MyMemory/Info.plist;
				LD_RUNPATH_SEARCH_PATHS = "$(inherited) @executable_path/Frameworks";
				PRODUCT_BUNDLE_IDENTIFIER = com.whitehobbit.MyMemory;
				PRODUCT_NAME = "$(TARGET_NAME)";
				SWIFT_VERSION = 4.0;
				TARGETED_DEVICE_FAMILY = "1,2";
			};
			name = Debug;
		};
		D65651371FFA07A400F990A2 /* Release */ = {
			isa = XCBuildConfiguration;
			baseConfigurationReference = 52C2BB78B5FC66F61BE1F665 /* Pods-MyMemory.release.xcconfig */;
			buildSettings = {
				ASSETCATALOG_COMPILER_APPICON_NAME = AppIcon;
				CODE_SIGN_STYLE = Automatic;
				DEVELOPMENT_TEAM = E3K4HTC5RG;
				INFOPLIST_FILE = MyMemory/Info.plist;
				LD_RUNPATH_SEARCH_PATHS = "$(inherited) @executable_path/Frameworks";
				PRODUCT_BUNDLE_IDENTIFIER = com.whitehobbit.MyMemory;
				PRODUCT_NAME = "$(TARGET_NAME)";
				SWIFT_VERSION = 4.0;
				TARGETED_DEVICE_FAMILY = "1,2";
			};
			name = Release;
		};
/* End XCBuildConfiguration section */

/* Begin XCConfigurationList section */
		D656511B1FFA07A400F990A2 /* Build configuration list for PBXProject "MyMemory" */ = {
			isa = XCConfigurationList;
			buildConfigurations = (
				D65651331FFA07A400F990A2 /* Debug */,
				D65651341FFA07A400F990A2 /* Release */,
			);
			defaultConfigurationIsVisible = 0;
			defaultConfigurationName = Release;
		};
		D65651351FFA07A400F990A2 /* Build configuration list for PBXNativeTarget "MyMemory" */ = {
			isa = XCConfigurationList;
			buildConfigurations = (
				D65651361FFA07A400F990A2 /* Debug */,
				D65651371FFA07A400F990A2 /* Release */,
			);
			defaultConfigurationIsVisible = 0;
			defaultConfigurationName = Release;
		};
/* End XCConfigurationList section */

/* Begin XCVersionGroup section */
		D656512A1FFA07A400F990A2 /* MyMemory.xcdatamodeld */ = {
			isa = XCVersionGroup;
			children = (
				D656512B1FFA07A400F990A2 /* MyMemory.xcdatamodel */,
			);
			currentVersion = D656512B1FFA07A400F990A2 /* MyMemory.xcdatamodel */;
			path = MyMemory.xcdatamodeld;
			sourceTree = "<group>";
			versionGroupType = wrapper.xcdatamodel;
		};
/* End XCVersionGroup section */
	};
	rootObject = D65651181FFA07A400F990A2 /* Project object */;
}
